
Microsoft Visual Studio Solution File, Format Version 12.00
Project("{FAE04EC0-301F-11D3-BF4B-00C04F79EFBC}") = "Dominio", "Dominio\Dominio.csproj", "{31B77726-7668-466A-9192-8BD89E7FEC5C}"
EndProject
Project("{FAE04EC0-301F-11D3-BF4B-00C04F79EFBC}") = "UserInterface", "UserInterface\UserInterface.csproj", "{3616660B-719C-4B90-B49C-8D37168665C7}"
EndProject
Project("{FAE04EC0-301F-11D3-BF4B-00C04F79EFBC}") = "Repositorio", "Repositorio\Repositorio.csproj", "{0276E39D-46B3-44D4-89EB-F79E8D9BBC73}"
EndProject
Project("{FAE04EC0-301F-11D3-BF4B-00C04F79EFBC}") = "Logica", "Logica\Logica.csproj", "{A50D210B-C172-45B5-BE3B-54D05544CB18}"
EndProject
Project("{FAE04EC0-301F-11D3-BF4B-00C04F79EFBC}") = "Controladores", "Controladores\Controladores.csproj", "{72F539A9-BA3B-46B6-BC87-DF09572FBFAB}"
EndProject
Global
	GlobalSection(SolutionConfigurationPlatforms) = preSolution
		Debug|Any CPU = Debug|Any CPU
		Release|Any CPU = Release|Any CPU
	EndGlobalSection
	GlobalSection(ProjectConfigurationPlatforms) = postSolution
		{31B77726-7668-466A-9192-8BD89E7FEC5C}.Debug|Any CPU.ActiveCfg = Debug|Any CPU
		{31B77726-7668-466A-9192-8BD89E7FEC5C}.Debug|Any CPU.Build.0 = Debug|Any CPU
		{31B77726-7668-466A-9192-8BD89E7FEC5C}.Release|Any CPU.ActiveCfg = Release|Any CPU
		{31B77726-7668-466A-9192-8BD89E7FEC5C}.Release|Any CPU.Build.0 = Release|Any CPU
		{3616660B-719C-4B90-B49C-8D37168665C7}.Debug|Any CPU.ActiveCfg = Debug|Any CPU
		{3616660B-719C-4B90-B49C-8D37168665C7}.Debug|Any CPU.Build.0 = Debug|Any CPU
		{3616660B-719C-4B90-B49C-8D37168665C7}.Release|Any CPU.ActiveCfg = Release|Any CPU
		{3616660B-719C-4B90-B49C-8D37168665C7}.Release|Any CPU.Build.0 = Release|Any CPU
		{0276E39D-46B3-44D4-89EB-F79E8D9BBC73}.Debug|Any CPU.ActiveCfg = Debug|Any CPU
		{0276E39D-46B3-44D4-89EB-F79E8D9BBC73}.Debug|Any CPU.Build.0 = Debug|Any CPU
		{0276E39D-46B3-44D4-89EB-F79E8D9BBC73}.Release|Any CPU.ActiveCfg = Release|Any CPU
		{0276E39D-46B3-44D4-89EB-F79E8D9BBC73}.Release|Any CPU.Build.0 = Release|Any CPU
		{A50D210B-C172-45B5-BE3B-54D05544CB18}.Debug|Any CPU.ActiveCfg = Debug|Any CPU
		{A50D210B-C172-45B5-BE3B-54D05544CB18}.Debug|Any CPU.Build.0 = Debug|Any CPU
		{A50D210B-C172-45B5-BE3B-54D05544CB18}.Release|Any CPU.ActiveCfg = Release|Any CPU
		{A50D210B-C172-45B5-BE3B-54D05544CB18}.Release|Any CPU.Build.0 = Release|Any CPU
		{72F539A9-BA3B-46B6-BC87-DF09572FBFAB}.Debug|Any CPU.ActiveCfg = Debug|Any CPU
		{72F539A9-BA3B-46B6-BC87-DF09572FBFAB}.Debug|Any CPU.Build.0 = Debug|Any CPU
		{72F539A9-BA3B-46B6-BC87-DF09572FBFAB}.Release|Any CPU.ActiveCfg = Release|Any CPU
		{72F539A9-BA3B-46B6-BC87-DF09572FBFAB}.Release|Any CPU.Build.0 = Release|Any CPU
	EndGlobalSection
EndGlobal
